
Microsoft Visual Studio Solution File, Format Version 12.00
# Visual Studio Version 16
VisualStudioVersion = 16.0.29519.87
MinimumVisualStudioVersion = 10.0.40219.1
Project("{FAE04EC0-301F-11D3-BF4B-00C04F79EFBC}") = "courseWork 2.0", "courseWork 2.0\courseWork 2.0.csproj", "{94404941-F52B-480A-9439-F44AA8E50A26}"
EndProject
Global
	GlobalSection(SolutionConfigurationPlatforms) = preSolution
		Debug|Any CPU = Debug|Any CPU
		Release|Any CPU = Release|Any CPU
	EndGlobalSection
	GlobalSection(ProjectConfigurationPlatforms) = postSolution
		{94404941-F52B-480A-9439-F44AA8E50A26}.Debug|Any CPU.ActiveCfg = Debug|Any CPU
		{94404941-F52B-480A-9439-F44AA8E50A26}.Debug|Any CPU.Build.0 = Debug|Any CPU
		{94404941-F52B-480A-9439-F44AA8E50A26}.Release|Any CPU.ActiveCfg = Release|Any CPU
		{94404941-F52B-480A-9439-F44AA8E50A26}.Release|Any CPU.Build.0 = Release|Any CPU
	EndGlobalSection
	GlobalSection(SolutionProperties) = preSolution
		HideSolutionNode = FALSE
	EndGlobalSection
	GlobalSection(ExtensibilityGlobals) = postSolution
		SolutionGuid = {122063B5-DE53-4A42-9E2A-8476A0E25848}
	EndGlobalSection
EndGlobal
